// !$*UTF8*$!
{
	archiveVersion = 1;
	classes = {
	};
	objectVersion = 46;
	objects = {

/* Begin PBXBuildFile section */
		42AA100F1E82A53900A8F047 /* ShareModel.m in Sources */ = {isa = PBXBuildFile; fileRef = 42AA100E1E82A53900A8F047 /* ShareModel.m */; };
		42C6C6E61E82296800F8939C /* main.m in Sources */ = {isa = PBXBuildFile; fileRef = 42C6C6E51E82296800F8939C /* main.m */; };
		42C6C6E91E82296800F8939C /* AppDelegate.m in Sources */ = {isa = PBXBuildFile; fileRef = 42C6C6E81E82296800F8939C /* AppDelegate.m */; };
		42C6C6EC1E82296800F8939C /* ViewController.m in Sources */ = {isa = PBXBuildFile; fileRef = 42C6C6EB1E82296800F8939C /* ViewController.m */; };
		42C6C6EF1E82296800F8939C /* Main.storyboard in Resources */ = {isa = PBXBuildFile; fileRef = 42C6C6ED1E82296800F8939C /* Main.storyboard */; };
		42C6C6F11E82296800F8939C /* Assets.xcassets in Resources */ = {isa = PBXBuildFile; fileRef = 42C6C6F01E82296800F8939C /* Assets.xcassets */; };
		42C6C6F41E82296800F8939C /* LaunchScreen.storyboard in Resources */ = {isa = PBXBuildFile; fileRef = 42C6C6F21E82296800F8939C /* LaunchScreen.storyboard */; };
		42C6C6FF1E82296900F8939C /* TencentShareTests.m in Sources */ = {isa = PBXBuildFile; fileRef = 42C6C6FE1E82296900F8939C /* TencentShareTests.m */; };
		42C6C70A1E82296900F8939C /* TencentShareUITests.m in Sources */ = {isa = PBXBuildFile; fileRef = 42C6C7091E82296900F8939C /* TencentShareUITests.m */; };
		42C6C71E1E8229C500F8939C /* libWeChatSDK.a in Frameworks */ = {isa = PBXBuildFile; fileRef = 42C6C7181E8229C500F8939C /* libWeChatSDK.a */; };
		42C6C71F1E8229C500F8939C /* TencentOpenAPI.framework in Frameworks */ = {isa = PBXBuildFile; fileRef = 42C6C7191E8229C500F8939C /* TencentOpenAPI.framework */; };
		42C6C7201E8229C500F8939C /* TencentOpenApi_IOS_Bundle.bundle in Resources */ = {isa = PBXBuildFile; fileRef = 42C6C71A1E8229C500F8939C /* TencentOpenApi_IOS_Bundle.bundle */; };
		42C6C7261E822A4D00F8939C /* ShareView.m in Sources */ = {isa = PBXBuildFile; fileRef = 42C6C7251E822A4D00F8939C /* ShareView.m */; };
		42C6C72F1E822A8400F8939C /* qqFriend.png in Resources */ = {isa = PBXBuildFile; fileRef = 42C6C7291E822A8400F8939C /* qqFriend.png */; };
		42C6C7301E822A8400F8939C /* qqZone.png in Resources */ = {isa = PBXBuildFile; fileRef = 42C6C72A1E822A8400F8939C /* qqZone.png */; };
		42C6C7321E822A8400F8939C /* wxFriend.png in Resources */ = {isa = PBXBuildFile; fileRef = 42C6C72C1E822A8400F8939C /* wxFriend.png */; };
		42C6C7331E822A8400F8939C /* wxZone.png in Resources */ = {isa = PBXBuildFile; fileRef = 42C6C72D1E822A8400F8939C /* wxZone.png */; };
		42C6C7351E82448A00F8939C /* bg.jpg in Resources */ = {isa = PBXBuildFile; fileRef = 42C6C7341E82448A00F8939C /* bg.jpg */; };
		42C6C7381E8245DF00F8939C /* libsqlite3.dylib in Frameworks */ = {isa = PBXBuildFile; fileRef = 42C6C7371E8245DF00F8939C /* libsqlite3.dylib */; };
		42C6C73A1E8245EC00F8939C /* libz.tbd in Frameworks */ = {isa = PBXBuildFile; fileRef = 42C6C7391E8245EC00F8939C /* libz.tbd */; };
		42C6C73C1E8245FB00F8939C /* libc++.tbd in Frameworks */ = {isa = PBXBuildFile; fileRef = 42C6C73B1E8245FB00F8939C /* libc++.tbd */; };
		42C6C73E1E82460900F8939C /* CoreTelephony.framework in Frameworks */ = {isa = PBXBuildFile; fileRef = 42C6C73D1E82460900F8939C /* CoreTelephony.framework */; };
		42C6C7401E82461000F8939C /* SystemConfiguration.framework in Frameworks */ = {isa = PBXBuildFile; fileRef = 42C6C73F1E82461000F8939C /* SystemConfiguration.framework */; };
		42C6C7451E824FDF00F8939C /* Security.framework in Frameworks */ = {isa = PBXBuildFile; fileRef = 42C6C7441E824FDF00F8939C /* Security.framework */; };
		42C6C7471E824FE400F8939C /* CFNetwork.framework in Frameworks */ = {isa = PBXBuildFile; fileRef = 42C6C7461E824FE400F8939C /* CFNetwork.framework */; };
		42C6C7491E82510800F8939C /* mario.jpg in Resources */ = {isa = PBXBuildFile; fileRef = 42C6C7481E82510800F8939C /* mario.jpg */; };
		42C6C74B1E82525900F8939C /* CoreGraphics.framework in Frameworks */ = {isa = PBXBuildFile; fileRef = 42C6C74A1E82525900F8939C /* CoreGraphics.framework */; };
		42C6C74D1E82526900F8939C /* libiconv.tbd in Frameworks */ = {isa = PBXBuildFile; fileRef = 42C6C74C1E82526900F8939C /* libiconv.tbd */; };
/* End PBXBuildFile section */

/* Begin PBXContainerItemProxy section */
		42C6C6FB1E82296900F8939C /* PBXContainerItemProxy */ = {
			isa = PBXContainerItemProxy;
			containerPortal = 42C6C6D91E82296800F8939C /* Project object */;
			proxyType = 1;
			remoteGlobalIDString = 42C6C6E01E82296800F8939C;
			remoteInfo = TencentShare;
		};
		42C6C7061E82296900F8939C /* PBXContainerItemProxy */ = {
			isa = PBXContainerItemProxy;
			containerPortal = 42C6C6D91E82296800F8939C /* Project object */;
			proxyType = 1;
			remoteGlobalIDString = 42C6C6E01E82296800F8939C;
			remoteInfo = TencentShare;
		};
/* End PBXContainerItemProxy section */

/* Begin PBXFileReference section */
		42AA100D1E82A53900A8F047 /* ShareModel.h */ = {isa = PBXFileReference; fileEncoding = 4; lastKnownFileType = sourcecode.c.h; path = ShareModel.h; sourceTree = "<group>"; };
		42AA100E1E82A53900A8F047 /* ShareModel.m */ = {isa = PBXFileReference; fileEncoding = 4; lastKnownFileType = sourcecode.c.objc; path = ShareModel.m; sourceTree = "<group>"; };
		42C6C6E11E82296800F8939C /* TencentShare.app */ = {isa = PBXFileReference; explicitFileType = wrapper.application; includeInIndex = 0; path = TencentShare.app; sourceTree = BUILT_PRODUCTS_DIR; };
		42C6C6E51E82296800F8939C /* main.m */ = {isa = PBXFileReference; lastKnownFileType = sourcecode.c.objc; path = main.m; sourceTree = "<group>"; };
		42C6C6E71E82296800F8939C /* AppDelegate.h */ = {isa = PBXFileReference; lastKnownFileType = sourcecode.c.h; path = AppDelegate.h; sourceTree = "<group>"; };
		42C6C6E81E82296800F8939C /* AppDelegate.m */ = {isa = PBXFileReference; lastKnownFileType = sourcecode.c.objc; path = AppDelegate.m; sourceTree = "<group>"; };
		42C6C6EA1E82296800F8939C /* ViewController.h */ = {isa = PBXFileReference; lastKnownFileType = sourcecode.c.h; path = ViewController.h; sourceTree = "<group>"; };
		42C6C6EB1E82296800F8939C /* ViewController.m */ = {isa = PBXFileReference; lastKnownFileType = sourcecode.c.objc; path = ViewController.m; sourceTree = "<group>"; };
		42C6C6EE1E82296800F8939C /* Base */ = {isa = PBXFileReference; lastKnownFileType = file.storyboard; name = Base; path = Base.lproj/Main.storyboard; sourceTree = "<group>"; };
		42C6C6F01E82296800F8939C /* Assets.xcassets */ = {isa = PBXFileReference; lastKnownFileType = folder.assetcatalog; path = Assets.xcassets; sourceTree = "<group>"; };
		42C6C6F31E82296800F8939C /* Base */ = {isa = PBXFileReference; lastKnownFileType = file.storyboard; name = Base; path = Base.lproj/LaunchScreen.storyboard; sourceTree = "<group>"; };
		42C6C6F51E82296800F8939C /* Info.plist */ = {isa = PBXFileReference; lastKnownFileType = text.plist.xml; path = Info.plist; sourceTree = "<group>"; };
		42C6C6FA1E82296900F8939C /* TencentShareTests.xctest */ = {isa = PBXFileReference; explicitFileType = wrapper.cfbundle; includeInIndex = 0; path = TencentShareTests.xctest; sourceTree = BUILT_PRODUCTS_DIR; };
		42C6C6FE1E82296900F8939C /* TencentShareTests.m */ = {isa = PBXFileReference; lastKnownFileType = sourcecode.c.objc; path = TencentShareTests.m; sourceTree = "<group>"; };
		42C6C7001E82296900F8939C /* Info.plist */ = {isa = PBXFileReference; lastKnownFileType = text.plist.xml; path = Info.plist; sourceTree = "<group>"; };
		42C6C7051E82296900F8939C /* TencentShareUITests.xctest */ = {isa = PBXFileReference; explicitFileType = wrapper.cfbundle; includeInIndex = 0; path = TencentShareUITests.xctest; sourceTree = BUILT_PRODUCTS_DIR; };
		42C6C7091E82296900F8939C /* TencentShareUITests.m */ = {isa = PBXFileReference; lastKnownFileType = sourcecode.c.objc; path = TencentShareUITests.m; sourceTree = "<group>"; };
		42C6C70B1E82296900F8939C /* Info.plist */ = {isa = PBXFileReference; lastKnownFileType = text.plist.xml; path = Info.plist; sourceTree = "<group>"; };
		42C6C7181E8229C500F8939C /* libWeChatSDK.a */ = {isa = PBXFileReference; lastKnownFileType = archive.ar; path = libWeChatSDK.a; sourceTree = "<group>"; };
		42C6C7191E8229C500F8939C /* TencentOpenAPI.framework */ = {isa = PBXFileReference; lastKnownFileType = wrapper.framework; path = TencentOpenAPI.framework; sourceTree = "<group>"; };
		42C6C71A1E8229C500F8939C /* TencentOpenApi_IOS_Bundle.bundle */ = {isa = PBXFileReference; lastKnownFileType = "wrapper.plug-in"; path = TencentOpenApi_IOS_Bundle.bundle; sourceTree = "<group>"; };
		42C6C71B1E8229C500F8939C /* WechatAuthSDK.h */ = {isa = PBXFileReference; fileEncoding = 4; lastKnownFileType = sourcecode.c.h; path = WechatAuthSDK.h; sourceTree = "<group>"; };
		42C6C71C1E8229C500F8939C /* WXApi.h */ = {isa = PBXFileReference; fileEncoding = 4; lastKnownFileType = sourcecode.c.h; path = WXApi.h; sourceTree = "<group>"; };
		42C6C71D1E8229C500F8939C /* WXApiObject.h */ = {isa = PBXFileReference; fileEncoding = 4; lastKnownFileType = sourcecode.c.h; path = WXApiObject.h; sourceTree = "<group>"; };
		42C6C7241E822A4D00F8939C /* ShareView.h */ = {isa = PBXFileReference; fileEncoding = 4; lastKnownFileType = sourcecode.c.h; path = ShareView.h; sourceTree = "<group>"; };
		42C6C7251E822A4D00F8939C /* ShareView.m */ = {isa = PBXFileReference; fileEncoding = 4; lastKnownFileType = sourcecode.c.objc; path = ShareView.m; sourceTree = "<group>"; };
		42C6C7291E822A8400F8939C /* qqFriend.png */ = {isa = PBXFileReference; lastKnownFileType = image.png; path = qqFriend.png; sourceTree = "<group>"; };
		42C6C72A1E822A8400F8939C /* qqZone.png */ = {isa = PBXFileReference; lastKnownFileType = image.png; path = qqZone.png; sourceTree = "<group>"; };
		42C6C72C1E822A8400F8939C /* wxFriend.png */ = {isa = PBXFileReference; lastKnownFileType = image.png; path = wxFriend.png; sourceTree = "<group>"; };
		42C6C72D1E822A8400F8939C /* wxZone.png */ = {isa = PBXFileReference; lastKnownFileType = image.png; path = wxZone.png; sourceTree = "<group>"; };
		42C6C7341E82448A00F8939C /* bg.jpg */ = {isa = PBXFileReference; lastKnownFileType = image.jpeg; path = bg.jpg; sourceTree = "<group>"; };
		42C6C7371E8245DF00F8939C /* libsqlite3.dylib */ = {isa = PBXFileReference; lastKnownFileType = "compiled.mach-o.dylib"; name = libsqlite3.dylib; path = ../../../../usr/lib/libsqlite3.dylib; sourceTree = "<group>"; };
		42C6C7391E8245EC00F8939C /* libz.tbd */ = {isa = PBXFileReference; lastKnownFileType = "sourcecode.text-based-dylib-definition"; name = libz.tbd; path = usr/lib/libz.tbd; sourceTree = SDKROOT; };
		42C6C73B1E8245FB00F8939C /* libc++.tbd */ = {isa = PBXFileReference; lastKnownFileType = "sourcecode.text-based-dylib-definition"; name = "libc++.tbd"; path = "usr/lib/libc++.tbd"; sourceTree = SDKROOT; };
		42C6C73D1E82460900F8939C /* CoreTelephony.framework */ = {isa = PBXFileReference; lastKnownFileType = wrapper.framework; name = CoreTelephony.framework; path = System/Library/Frameworks/CoreTelephony.framework; sourceTree = SDKROOT; };
		42C6C73F1E82461000F8939C /* SystemConfiguration.framework */ = {isa = PBXFileReference; lastKnownFileType = wrapper.framework; name = SystemConfiguration.framework; path = System/Library/Frameworks/SystemConfiguration.framework; sourceTree = SDKROOT; };
		42C6C7441E824FDF00F8939C /* Security.framework */ = {isa = PBXFileReference; lastKnownFileType = wrapper.framework; name = Security.framework; path = System/Library/Frameworks/Security.framework; sourceTree = SDKROOT; };
		42C6C7461E824FE400F8939C /* CFNetwork.framework */ = {isa = PBXFileReference; lastKnownFileType = wrapper.framework; name = CFNetwork.framework; path = System/Library/Frameworks/CFNetwork.framework; sourceTree = SDKROOT; };
		42C6C7481E82510800F8939C /* mario.jpg */ = {isa = PBXFileReference; lastKnownFileType = image.jpeg; path = mario.jpg; sourceTree = "<group>"; };
		42C6C74A1E82525900F8939C /* CoreGraphics.framework */ = {isa = PBXFileReference; lastKnownFileType = wrapper.framework; name = CoreGraphics.framework; path = System/Library/Frameworks/CoreGraphics.framework; sourceTree = SDKROOT; };
		42C6C74C1E82526900F8939C /* libiconv.tbd */ = {isa = PBXFileReference; lastKnownFileType = "sourcecode.text-based-dylib-definition"; name = libiconv.tbd; path = usr/lib/libiconv.tbd; sourceTree = SDKROOT; };
/* End PBXFileReference section */

/* Begin PBXFrameworksBuildPhase section */
		42C6C6DE1E82296800F8939C /* Frameworks */ = {
			isa = PBXFrameworksBuildPhase;
			buildActionMask = 2147483647;
			files = (
				42C6C74D1E82526900F8939C /* libiconv.tbd in Frameworks */,
				42C6C74B1E82525900F8939C /* CoreGraphics.framework in Frameworks */,
				42C6C7471E824FE400F8939C /* CFNetwork.framework in Frameworks */,
				42C6C7451E824FDF00F8939C /* Security.framework in Frameworks */,
				42C6C7401E82461000F8939C /* SystemConfiguration.framework in Frameworks */,
				42C6C73E1E82460900F8939C /* CoreTelephony.framework in Frameworks */,
				42C6C73C1E8245FB00F8939C /* libc++.tbd in Frameworks */,
				42C6C73A1E8245EC00F8939C /* libz.tbd in Frameworks */,
				42C6C7381E8245DF00F8939C /* libsqlite3.dylib in Frameworks */,
				42C6C71E1E8229C500F8939C /* libWeChatSDK.a in Frameworks */,
				42C6C71F1E8229C500F8939C /* TencentOpenAPI.framework in Frameworks */,
			);
			runOnlyForDeploymentPostprocessing = 0;
		};
		42C6C6F71E82296900F8939C /* Frameworks */ = {
			isa = PBXFrameworksBuildPhase;
			buildActionMask = 2147483647;
			files = (
			);
			runOnlyForDeploymentPostprocessing = 0;
		};
		42C6C7021E82296900F8939C /* Frameworks */ = {
			isa = PBXFrameworksBuildPhase;
			buildActionMask = 2147483647;
			files = (
			);
			runOnlyForDeploymentPostprocessing = 0;
		};
/* End PBXFrameworksBuildPhase section */

/* Begin PBXGroup section */
		42C6C6D81E82296800F8939C = {
			isa = PBXGroup;
			children = (
				42C6C6E31E82296800F8939C /* TencentShare */,
				42C6C6FD1E82296900F8939C /* TencentShareTests */,
				42C6C7081E82296900F8939C /* TencentShareUITests */,
				42C6C6E21E82296800F8939C /* Products */,
				42C6C7361E8245DF00F8939C /* Frameworks */,
			);
			sourceTree = "<group>";
		};
		42C6C6E21E82296800F8939C /* Products */ = {
			isa = PBXGroup;
			children = (
				42C6C6E11E82296800F8939C /* TencentShare.app */,
				42C6C6FA1E82296900F8939C /* TencentShareTests.xctest */,
				42C6C7051E82296900F8939C /* TencentShareUITests.xctest */,
			);
			name = Products;
			sourceTree = "<group>";
		};
		42C6C6E31E82296800F8939C /* TencentShare */ = {
			isa = PBXGroup;
			children = (
				42C6C7271E822A8400F8939C /* Resource */,
				42C6C7231E822A3B00F8939C /* CCShare */,
				42C6C7171E8229C500F8939C /* Library */,
				42C6C6E71E82296800F8939C /* AppDelegate.h */,
				42C6C6E81E82296800F8939C /* AppDelegate.m */,
				42C6C6EA1E82296800F8939C /* ViewController.h */,
				42C6C6EB1E82296800F8939C /* ViewController.m */,
				42C6C6ED1E82296800F8939C /* Main.storyboard */,
				42C6C6F01E82296800F8939C /* Assets.xcassets */,
				42C6C6F21E82296800F8939C /* LaunchScreen.storyboard */,
				42C6C6F51E82296800F8939C /* Info.plist */,
				42C6C6E41E82296800F8939C /* Supporting Files */,
			);
			path = TencentShare;
			sourceTree = "<group>";
		};
		42C6C6E41E82296800F8939C /* Supporting Files */ = {
			isa = PBXGroup;
			children = (
				42C6C6E51E82296800F8939C /* main.m */,
			);
			name = "Supporting Files";
			sourceTree = "<group>";
		};
		42C6C6FD1E82296900F8939C /* TencentShareTests */ = {
			isa = PBXGroup;
			children = (
				42C6C6FE1E82296900F8939C /* TencentShareTests.m */,
				42C6C7001E82296900F8939C /* Info.plist */,
			);
			path = TencentShareTests;
			sourceTree = "<group>";
		};
		42C6C7081E82296900F8939C /* TencentShareUITests */ = {
			isa = PBXGroup;
			children = (
				42C6C7091E82296900F8939C /* TencentShareUITests.m */,
				42C6C70B1E82296900F8939C /* Info.plist */,
			);
			path = TencentShareUITests;
			sourceTree = "<group>";
		};
		42C6C7171E8229C500F8939C /* Library */ = {
			isa = PBXGroup;
			children = (
				42C6C7181E8229C500F8939C /* libWeChatSDK.a */,
				42C6C7191E8229C500F8939C /* TencentOpenAPI.framework */,
				42C6C71A1E8229C500F8939C /* TencentOpenApi_IOS_Bundle.bundle */,
				42C6C71B1E8229C500F8939C /* WechatAuthSDK.h */,
				42C6C71C1E8229C500F8939C /* WXApi.h */,
				42C6C71D1E8229C500F8939C /* WXApiObject.h */,
			);
			path = Library;
			sourceTree = "<group>";
		};
		42C6C7231E822A3B00F8939C /* CCShare */ = {
			isa = PBXGroup;
			children = (
				42C6C7241E822A4D00F8939C /* ShareView.h */,
				42C6C7251E822A4D00F8939C /* ShareView.m */,
				42AA100D1E82A53900A8F047 /* ShareModel.h */,
				42AA100E1E82A53900A8F047 /* ShareModel.m */,
			);
			path = CCShare;
			sourceTree = "<group>";
		};
		42C6C7271E822A8400F8939C /* Resource */ = {
			isa = PBXGroup;
			children = (
				42C6C7481E82510800F8939C /* mario.jpg */,
				42C6C7341E82448A00F8939C /* bg.jpg */,
				42C6C7291E822A8400F8939C /* qqFriend.png */,
				42C6C72A1E822A8400F8939C /* qqZone.png */,
				42C6C72C1E822A8400F8939C /* wxFriend.png */,
				42C6C72D1E822A8400F8939C /* wxZone.png */,
			);
			path = Resource;
			sourceTree = "<group>";
		};
		42C6C7361E8245DF00F8939C /* Frameworks */ = {
			isa = PBXGroup;
			children = (
				42C6C74C1E82526900F8939C /* libiconv.tbd */,
				42C6C74A1E82525900F8939C /* CoreGraphics.framework */,
				42C6C7461E824FE400F8939C /* CFNetwork.framework */,
				42C6C7441E824FDF00F8939C /* Security.framework */,
				42C6C73F1E82461000F8939C /* SystemConfiguration.framework */,
				42C6C73D1E82460900F8939C /* CoreTelephony.framework */,
				42C6C73B1E8245FB00F8939C /* libc++.tbd */,
				42C6C7391E8245EC00F8939C /* libz.tbd */,
				42C6C7371E8245DF00F8939C /* libsqlite3.dylib */,
			);
			name = Frameworks;
			sourceTree = "<group>";
		};
/* End PBXGroup section */

/* Begin PBXNativeTarget section */
		42C6C6E01E82296800F8939C /* TencentShare */ = {
			isa = PBXNativeTarget;
			buildConfigurationList = 42C6C70E1E82296900F8939C /* Build configuration list for PBXNativeTarget "TencentShare" */;
			buildPhases = (
				42C6C6DD1E82296800F8939C /* Sources */,
				42C6C6DE1E82296800F8939C /* Frameworks */,
				42C6C6DF1E82296800F8939C /* Resources */,
			);
			buildRules = (
			);
			dependencies = (
			);
			name = TencentShare;
			productName = TencentShare;
			productReference = 42C6C6E11E82296800F8939C /* TencentShare.app */;
			productType = "com.apple.product-type.application";
		};
		42C6C6F91E82296900F8939C /* TencentShareTests */ = {
			isa = PBXNativeTarget;
			buildConfigurationList = 42C6C7111E82296900F8939C /* Build configuration list for PBXNativeTarget "TencentShareTests" */;
			buildPhases = (
				42C6C6F61E82296900F8939C /* Sources */,
				42C6C6F71E82296900F8939C /* Frameworks */,
				42C6C6F81E82296900F8939C /* Resources */,
			);
			buildRules = (
			);
			dependencies = (
				42C6C6FC1E82296900F8939C /* PBXTargetDependency */,
			);
			name = TencentShareTests;
			productName = TencentShareTests;
			productReference = 42C6C6FA1E82296900F8939C /* TencentShareTests.xctest */;
			productType = "com.apple.product-type.bundle.unit-test";
		};
		42C6C7041E82296900F8939C /* TencentShareUITests */ = {
			isa = PBXNativeTarget;
			buildConfigurationList = 42C6C7141E82296900F8939C /* Build configuration list for PBXNativeTarget "TencentShareUITests" */;
			buildPhases = (
				42C6C7011E82296900F8939C /* Sources */,
				42C6C7021E82296900F8939C /* Frameworks */,
				42C6C7031E82296900F8939C /* Resources */,
			);
			buildRules = (
			);
			dependencies = (
				42C6C7071E82296900F8939C /* PBXTargetDependency */,
			);
			name = TencentShareUITests;
			productName = TencentShareUITests;
			productReference = 42C6C7051E82296900F8939C /* TencentShareUITests.xctest */;
			productType = "com.apple.product-type.bundle.ui-testing";
		};
/* End PBXNativeTarget section */

/* Begin PBXProject section */
		42C6C6D91E82296800F8939C /* Project object */ = {
			isa = PBXProject;
			attributes = {
				LastUpgradeCheck = 0820;
				ORGANIZATIONNAME = CC;
				TargetAttributes = {
					42C6C6E01E82296800F8939C = {
						CreatedOnToolsVersion = 8.2.1;
						DevelopmentTeam = RPT7V3T44B;
						ProvisioningStyle = Automatic;
					};
					42C6C6F91E82296900F8939C = {
						CreatedOnToolsVersion = 8.2.1;
						ProvisioningStyle = Automatic;
						TestTargetID = 42C6C6E01E82296800F8939C;
					};
					42C6C7041E82296900F8939C = {
						CreatedOnToolsVersion = 8.2.1;
						ProvisioningStyle = Automatic;
						TestTargetID = 42C6C6E01E82296800F8939C;
					};
				};
			};
			buildConfigurationList = 42C6C6DC1E82296800F8939C /* Build configuration list for PBXProject "TencentShare" */;
			compatibilityVersion = "Xcode 3.2";
			developmentRegion = English;
			hasScannedForEncodings = 0;
			knownRegions = (
				en,
				Base,
			);
			mainGroup = 42C6C6D81E82296800F8939C;
			productRefGroup = 42C6C6E21E82296800F8939C /* Products */;
			projectDirPath = "";
			projectRoot = "";
			targets = (
				42C6C6E01E82296800F8939C /* TencentShare */,
				42C6C6F91E82296900F8939C /* TencentShareTests */,
				42C6C7041E82296900F8939C /* TencentShareUITests */,
			);
		};
/* End PBXProject section */

/* Begin PBXResourcesBuildPhase section */
		42C6C6DF1E82296800F8939C /* Resources */ = {
			isa = PBXResourcesBuildPhase;
			buildActionMask = 2147483647;
			files = (
				42C6C7351E82448A00F8939C /* bg.jpg in Resources */,
				42C6C7201E8229C500F8939C /* TencentOpenApi_IOS_Bundle.bundle in Resources */,
				42C6C7491E82510800F8939C /* mario.jpg in Resources */,
				42C6C72F1E822A8400F8939C /* qqFriend.png in Resources */,
				42C6C6F41E82296800F8939C /* LaunchScreen.storyboard in Resources */,
				42C6C6F11E82296800F8939C /* Assets.xcassets in Resources */,
				42C6C7301E822A8400F8939C /* qqZone.png in Resources */,
				42C6C7321E822A8400F8939C /* wxFriend.png in Resources */,
				42C6C7331E822A8400F8939C /* wxZone.png in Resources */,
				42C6C6EF1E82296800F8939C /* Main.storyboard in Resources */,
			);
			runOnlyForDeploymentPostprocessing = 0;
		};
		42C6C6F81E82296900F8939C /* Resources */ = {
			isa = PBXResourcesBuildPhase;
			buildActionMask = 2147483647;
			files = (
			);
			runOnlyForDeploymentPostprocessing = 0;
		};
		42C6C7031E82296900F8939C /* Resources */ = {
			isa = PBXResourcesBuildPhase;
			buildActionMask = 2147483647;
			files = (
			);
			runOnlyForDeploymentPostprocessing = 0;
		};
/* End PBXResourcesBuildPhase section */

/* Begin PBXSourcesBuildPhase section */
		42C6C6DD1E82296800F8939C /* Sources */ = {
			isa = PBXSourcesBuildPhase;
			buildActionMask = 2147483647;
			files = (
				42C6C7261E822A4D00F8939C /* ShareView.m in Sources */,
				42C6C6EC1E82296800F8939C /* ViewController.m in Sources */,
				42C6C6E91E82296800F8939C /* AppDelegate.m in Sources */,
				42AA100F1E82A53900A8F047 /* ShareModel.m in Sources */,
				42C6C6E61E82296800F8939C /* main.m in Sources */,
			);
			runOnlyForDeploymentPostprocessing = 0;
		};
		42C6C6F61E82296900F8939C /* Sources */ = {
			isa = PBXSourcesBuildPhase;
			buildActionMask = 2147483647;
			files = (
				42C6C6FF1E82296900F8939C /* TencentShareTests.m in Sources */,
			);
			runOnlyForDeploymentPostprocessing = 0;
		};
		42C6C7011E82296900F8939C /* Sources */ = {
			isa = PBXSourcesBuildPhase;
			buildActionMask = 2147483647;
			files = (
				42C6C70A1E82296900F8939C /* TencentShareUITests.m in Sources */,
			);
			runOnlyForDeploymentPostprocessing = 0;
		};
/* End PBXSourcesBuildPhase section */

/* Begin PBXTargetDependency section */
		42C6C6FC1E82296900F8939C /* PBXTargetDependency */ = {
			isa = PBXTargetDependency;
			target = 42C6C6E01E82296800F8939C /* TencentShare */;
			targetProxy = 42C6C6FB1E82296900F8939C /* PBXContainerItemProxy */;
		};
		42C6C7071E82296900F8939C /* PBXTargetDependency */ = {
			isa = PBXTargetDependency;
			target = 42C6C6E01E82296800F8939C /* TencentShare */;
			targetProxy = 42C6C7061E82296900F8939C /* PBXContainerItemProxy */;
		};
/* End PBXTargetDependency section */

/* Begin PBXVariantGroup section */
		42C6C6ED1E82296800F8939C /* Main.storyboard */ = {
			isa = PBXVariantGroup;
			children = (
				42C6C6EE1E82296800F8939C /* Base */,
			);
			name = Main.storyboard;
			sourceTree = "<group>";
		};
		42C6C6F21E82296800F8939C /* LaunchScreen.storyboard */ = {
			isa = PBXVariantGroup;
			children = (
				42C6C6F31E82296800F8939C /* Base */,
			);
			name = LaunchScreen.storyboard;
			sourceTree = "<group>";
		};
/* End PBXVariantGroup section */

/* Begin XCBuildConfiguration section */
		42C6C70C1E82296900F8939C /* Debug */ = {
			isa = XCBuildConfiguration;
			buildSettings = {
				ALWAYS_SEARCH_USER_PATHS = NO;
				CLANG_ANALYZER_NONNULL = YES;
				CLANG_CXX_LANGUAGE_STANDARD = "gnu++0x";
				CLANG_CXX_LIBRARY = "libc++";
				CLANG_ENABLE_MODULES = YES;
				CLANG_ENABLE_OBJC_ARC = YES;
				CLANG_WARN_BOOL_CONVERSION = YES;
				CLANG_WARN_CONSTANT_CONVERSION = YES;
				CLANG_WARN_DIRECT_OBJC_ISA_USAGE = YES_ERROR;
				CLANG_WARN_DOCUMENTATION_COMMENTS = YES;
				CLANG_WARN_EMPTY_BODY = YES;
				CLANG_WARN_ENUM_CONVERSION = YES;
				CLANG_WARN_INFINITE_RECURSION = YES;
				CLANG_WARN_INT_CONVERSION = YES;
				CLANG_WARN_OBJC_ROOT_CLASS = YES_ERROR;
				CLANG_WARN_SUSPICIOUS_MOVE = YES;
				CLANG_WARN_UNREACHABLE_CODE = YES;
				CLANG_WARN__DUPLICATE_METHOD_MATCH = YES;
				"CODE_SIGN_IDENTITY[sdk=iphoneos*]" = "iPhone Developer";
				COPY_PHASE_STRIP = NO;
				DEBUG_INFORMATION_FORMAT = dwarf;
				ENABLE_STRICT_OBJC_MSGSEND = YES;
				ENABLE_TESTABILITY = YES;
				GCC_C_LANGUAGE_STANDARD = gnu99;
				GCC_DYNAMIC_NO_PIC = NO;
				GCC_NO_COMMON_BLOCKS = YES;
				GCC_OPTIMIZATION_LEVEL = 0;
				GCC_PREPROCESSOR_DEFINITIONS = (
					"DEBUG=1",
					"$(inherited)",
				);
				GCC_WARN_64_TO_32_BIT_CONVERSION = YES;
				GCC_WARN_ABOUT_RETURN_TYPE = YES_ERROR;
				GCC_WARN_UNDECLARED_SELECTOR = YES;
				GCC_WARN_UNINITIALIZED_AUTOS = YES_AGGRESSIVE;
				GCC_WARN_UNUSED_FUNCTION = YES;
				GCC_WARN_UNUSED_VARIABLE = YES;
				IPHONEOS_DEPLOYMENT_TARGET = 10.2;
				MTL_ENABLE_DEBUG_INFO = YES;
				ONLY_ACTIVE_ARCH = YES;
				SDKROOT = iphoneos;
				TARGETED_DEVICE_FAMILY = "1,2";
			};
			name = Debug;
		};
		42C6C70D1E82296900F8939C /* Release */ = {
			isa = XCBuildConfiguration;
			buildSettings = {
				ALWAYS_SEARCH_USER_PATHS = NO;
				CLANG_ANALYZER_NONNULL = YES;
				CLANG_CXX_LANGUAGE_STANDARD = "gnu++0x";
				CLANG_CXX_LIBRARY = "libc++";
				CLANG_ENABLE_MODULES = YES;
				CLANG_ENABLE_OBJC_ARC = YES;
				CLANG_WARN_BOOL_CONVERSION = YES;
				CLANG_WARN_CONSTANT_CONVERSION = YES;
				CLANG_WARN_DIRECT_OBJC_ISA_USAGE = YES_ERROR;
				CLANG_WARN_DOCUMENTATION_COMMENTS = YES;
				CLANG_WARN_EMPTY_BODY = YES;
				CLANG_WARN_ENUM_CONVERSION = YES;
				CLANG_WARN_INFINITE_RECURSION = YES;
				CLANG_WARN_INT_CONVERSION = YES;
				CLANG_WARN_OBJC_ROOT_CLASS = YES_ERROR;
				CLANG_WARN_SUSPICIOUS_MOVE = YES;
				CLANG_WARN_UNREACHABLE_CODE = YES;
				CLANG_WARN__DUPLICATE_METHOD_MATCH = YES;
				"CODE_SIGN_IDENTITY[sdk=iphoneos*]" = "iPhone Developer";
				COPY_PHASE_STRIP = NO;
				DEBUG_INFORMATION_FORMAT = "dwarf-with-dsym";
				ENABLE_NS_ASSERTIONS = NO;
				ENABLE_STRICT_OBJC_MSGSEND = YES;
				GCC_C_LANGUAGE_STANDARD = gnu99;
				GCC_NO_COMMON_BLOCKS = YES;
				GCC_WARN_64_TO_32_BIT_CONVERSION = YES;
				GCC_WARN_ABOUT_RETURN_TYPE = YES_ERROR;
				GCC_WARN_UNDECLARED_SELECTOR = YES;
				GCC_WARN_UNINITIALIZED_AUTOS = YES_AGGRESSIVE;
				GCC_WARN_UNUSED_FUNCTION = YES;
				GCC_WARN_UNUSED_VARIABLE = YES;
				IPHONEOS_DEPLOYMENT_TARGET = 10.2;
				MTL_ENABLE_DEBUG_INFO = NO;
				SDKROOT = iphoneos;
				TARGETED_DEVICE_FAMILY = "1,2";
				VALIDATE_PRODUCT = YES;
			};
			name = Release;
		};
		42C6C70F1E82296900F8939C /* Debug */ = {
			isa = XCBuildConfiguration;
			buildSettings = {
				ASSETCATALOG_COMPILER_APPICON_NAME = AppIcon;
				DEVELOPMENT_TEAM = RPT7V3T44B;
				FRAMEWORK_SEARCH_PATHS = (
					"$(inherited)",
					"$(PROJECT_DIR)/TencentShare/Library",
				);
				INFOPLIST_FILE = TencentShare/Info.plist;
				LD_RUNPATH_SEARCH_PATHS = "$(inherited) @executable_path/Frameworks";
				LIBRARY_SEARCH_PATHS = (
					"$(inherited)",
					"$(PROJECT_DIR)/TencentShare/Library",
				);
				OTHER_LDFLAGS = (
					"-Objc",
					"-all_load",
				);
				PRODUCT_BUNDLE_IDENTIFIER = CC.TencentShare;
				PRODUCT_NAME = "$(TARGET_NAME)";
			};
			name = Debug;
		};
		42C6C7101E82296900F8939C /* Release */ = {
			isa = XCBuildConfiguration;
			buildSettings = {
				ASSETCATALOG_COMPILER_APPICON_NAME = AppIcon;
				DEVELOPMENT_TEAM = RPT7V3T44B;
				FRAMEWORK_SEARCH_PATHS = (
					"$(inherited)",
					"$(PROJECT_DIR)/TencentShare/Library",
				);
				INFOPLIST_FILE = TencentShare/Info.plist;
				LD_RUNPATH_SEARCH_PATHS = "$(inherited) @executable_path/Frameworks";
				LIBRARY_SEARCH_PATHS = (
					"$(inherited)",
					"$(PROJECT_DIR)/TencentShare/Library",
				);
				OTHER_LDFLAGS = (
					"-Objc",
					"-all_load",
				);
				PRODUCT_BUNDLE_IDENTIFIER = CC.TencentShare;
				PRODUCT_NAME = "$(TARGET_NAME)";
			};
			name = Release;
		};
		42C6C7121E82296900F8939C /* Debug */ = {
			isa = XCBuildConfiguration;
			buildSettings = {
				BUNDLE_LOADER = "$(TEST_HOST)";
				INFOPLIST_FILE = TencentShareTests/Info.plist;
				LD_RUNPATH_SEARCH_PATHS = "$(inherited) @executable_path/Frameworks @loader_path/Frameworks";
				PRODUCT_BUNDLE_IDENTIFIER = CC.TencentShareTests;
				PRODUCT_NAME = "$(TARGET_NAME)";
				TEST_HOST = "$(BUILT_PRODUCTS_DIR)/TencentShare.app/TencentShare";
			};
			name = Debug;
		};
		42C6C7131E82296900F8939C /* Release */ = {
			isa = XCBuildConfiguration;
			buildSettings = {
				BUNDLE_LOADER = "$(TEST_HOST)";
				INFOPLIST_FILE = TencentShareTests/Info.plist;
				LD_RUNPATH_SEARCH_PATHS = "$(inherited) @executable_path/Frameworks @loader_path/Frameworks";
				PRODUCT_BUNDLE_IDENTIFIER = CC.TencentShareTests;
				PRODUCT_NAME = "$(TARGET_NAME)";
				TEST_HOST = "$(BUILT_PRODUCTS_DIR)/TencentShare.app/TencentShare";
			};
			name = Release;
		};
		42C6C7151E82296900F8939C /* Debug */ = {
			isa = XCBuildConfiguration;
			buildSettings = {
				INFOPLIST_FILE = TencentShareUITests/Info.plist;
				LD_RUNPATH_SEARCH_PATHS = "$(inherited) @executable_path/Frameworks @loader_path/Frameworks";
				PRODUCT_BUNDLE_IDENTIFIER = CC.TencentShareUITests;
				PRODUCT_NAME = "$(TARGET_NAME)";
				TEST_TARGET_NAME = TencentShare;
			};
			name = Debug;
		};
		42C6C7161E82296900F8939C /* Release */ = {
			isa = XCBuildConfiguration;
			buildSettings = {
				INFOPLIST_FILE = TencentShareUITests/Info.plist;
				LD_RUNPATH_SEARCH_PATHS = "$(inherited) @executable_path/Frameworks @loader_path/Frameworks";
				PRODUCT_BUNDLE_IDENTIFIER = CC.TencentShareUITests;
				PRODUCT_NAME = "$(TARGET_NAME)";
				TEST_TARGET_NAME = TencentShare;
			};
			name = Release;
		};
/* End XCBuildConfiguration section */

/* Begin XCConfigurationList section */
		42C6C6DC1E82296800F8939C /* Build configuration list for PBXProject "TencentShare" */ = {
			isa = XCConfigurationList;
			buildConfigurations = (
				42C6C70C1E82296900F8939C /* Debug */,
				42C6C70D1E82296900F8939C /* Release */,
			);
			defaultConfigurationIsVisible = 0;
			defaultConfigurationName = Release;
		};
		42C6C70E1E82296900F8939C /* Build configuration list for PBXNativeTarget "TencentShare" */ = {
			isa = XCConfigurationList;
			buildConfigurations = (
				42C6C70F1E82296900F8939C /* Debug */,
				42C6C7101E82296900F8939C /* Release */,
			);
			defaultConfigurationIsVisible = 0;
			defaultConfigurationName = Release;
		};
		42C6C7111E82296900F8939C /* Build configuration list for PBXNativeTarget "TencentShareTests" */ = {
			isa = XCConfigurationList;
			buildConfigurations = (
				42C6C7121E82296900F8939C /* Debug */,
				42C6C7131E82296900F8939C /* Release */,
			);
			defaultConfigurationIsVisible = 0;
			defaultConfigurationName = Release;
		};
		42C6C7141E82296900F8939C /* Build configuration list for PBXNativeTarget "TencentShareUITests" */ = {
			isa = XCConfigurationList;
			buildConfigurations = (
				42C6C7151E82296900F8939C /* Debug */,
				42C6C7161E82296900F8939C /* Release */,
			);
			defaultConfigurationIsVisible = 0;
			defaultConfigurationName = Release;
		};
/* End XCConfigurationList section */
	};
	rootObject = 42C6C6D91E82296800F8939C /* Project object */;
}
